
Microsoft Visual Studio Solution File, Format Version 12.00
# Visual Studio Version 16
VisualStudioVersion = 16.0.30717.126
MinimumVisualStudioVersion = 10.0.40219.1
Project("{FAE04EC0-301F-11D3-BF4B-00C04F79EFBC}") = "Ultimative.MCL", "Ultimative.MCL\Ultimative.MCL.csproj", "{C65FB0F9-F823-49CF-9AA3-FAF0A43F3966}"
EndProject
Project("{FAE04EC0-301F-11D3-BF4B-00C04F79EFBC}") = "Ultimative.Universal", "Ultimative.Universal\Ultimative.Universal.csproj", "{4F180815-7895-41C7-8DBC-25368810DBA7}"
EndProject
Global
	GlobalSection(SolutionConfigurationPlatforms) = preSolution
		Debug|Any CPU = Debug|Any CPU
		Release|Any CPU = Release|Any CPU
	EndGlobalSection
	GlobalSection(ProjectConfigurationPlatforms) = postSolution
		{C65FB0F9-F823-49CF-9AA3-FAF0A43F3966}.Debug|Any CPU.ActiveCfg = Debug|Any CPU
		{C65FB0F9-F823-49CF-9AA3-FAF0A43F3966}.Debug|Any CPU.Build.0 = Debug|Any CPU
		{C65FB0F9-F823-49CF-9AA3-FAF0A43F3966}.Release|Any CPU.ActiveCfg = Release|Any CPU
		{C65FB0F9-F823-49CF-9AA3-FAF0A43F3966}.Release|Any CPU.Build.0 = Release|Any CPU
		{4F180815-7895-41C7-8DBC-25368810DBA7}.Debug|Any CPU.ActiveCfg = Debug|Any CPU
		{4F180815-7895-41C7-8DBC-25368810DBA7}.Debug|Any CPU.Build.0 = Debug|Any CPU
		{4F180815-7895-41C7-8DBC-25368810DBA7}.Release|Any CPU.ActiveCfg = Release|Any CPU
		{4F180815-7895-41C7-8DBC-25368810DBA7}.Release|Any CPU.Build.0 = Release|Any CPU
	EndGlobalSection
	GlobalSection(SolutionProperties) = preSolution
		HideSolutionNode = FALSE
	EndGlobalSection
	GlobalSection(ExtensibilityGlobals) = postSolution
		SolutionGuid = {83494960-DB8B-43D9-95E4-E2ED4EE9005E}
	EndGlobalSection
EndGlobal
